
Microsoft Visual Studio Solution File, Format Version 12.00
# Visual Studio 2012
Project("{FAE04EC0-301F-11D3-BF4B-00C04F79EFBC}") = "CD.ChuanDong.Stock.RemotingServer.DbHelper", "CD.ChuanDong.Stock.RemotingServer.DbHelper\CD.ChuanDong.Stock.RemotingServer.DbHelper.csproj", "{9611599A-550C-4373-A841-A082D820E2AD}"
EndProject
Project("{FAE04EC0-301F-11D3-BF4B-00C04F79EFBC}") = "CD.ChuanDong.Stock.RemotingServer.BLL", "CD.ChuanDong.Stock.RemotingServer.BLL\CD.ChuanDong.Stock.RemotingServer.BLL.csproj", "{BAF9E24D-B8C9-48E9-BEBB-0C341A0B8856}"
	ProjectSection(ProjectDependencies) = postProject
		{48E37117-6C31-47F2-AE52-BE62A421FA9C} = {48E37117-6C31-47F2-AE52-BE62A421FA9C}
		{64273828-F894-48F2-B982-CE4F6BDAE81C} = {64273828-F894-48F2-B982-CE4F6BDAE81C}
		{9A0D12A9-3CA0-4295-8536-3DC8CC51D2AB} = {9A0D12A9-3CA0-4295-8536-3DC8CC51D2AB}
	EndProjectSection
EndProject
Project("{FAE04EC0-301F-11D3-BF4B-00C04F79EFBC}") = "CD.ChuanDong.Stock.RemotingServer.IBLL", "CD.ChuanDong.Stock.RemotingServer.IBLL\CD.ChuanDong.Stock.RemotingServer.IBLL.csproj", "{9A0D12A9-3CA0-4295-8536-3DC8CC51D2AB}"
	ProjectSection(ProjectDependencies) = postProject
		{64273828-F894-48F2-B982-CE4F6BDAE81C} = {64273828-F894-48F2-B982-CE4F6BDAE81C}
	EndProjectSection
EndProject
Project("{FAE04EC0-301F-11D3-BF4B-00C04F79EFBC}") = "CD.ChuanDong.Stock.RemotingServer.DAL", "CD.ChuanDong.Stock.RemotingServer.DAL\CD.ChuanDong.Stock.RemotingServer.DAL.csproj", "{48E37117-6C31-47F2-AE52-BE62A421FA9C}"
	ProjectSection(ProjectDependencies) = postProject
		{64273828-F894-48F2-B982-CE4F6BDAE81C} = {64273828-F894-48F2-B982-CE4F6BDAE81C}
		{9611599A-550C-4373-A841-A082D820E2AD} = {9611599A-550C-4373-A841-A082D820E2AD}
	EndProjectSection
EndProject
Project("{FAE04EC0-301F-11D3-BF4B-00C04F79EFBC}") = "CD.ChuanDong.Stock.BLL", "CD.ChuanDong.Stock.BLL\CD.ChuanDong.Stock.BLL.csproj", "{ADC02020-3A66-4F4D-90E4-1B7F133CEAE5}"
	ProjectSection(ProjectDependencies) = postProject
		{64273828-F894-48F2-B982-CE4F6BDAE81C} = {64273828-F894-48F2-B982-CE4F6BDAE81C}
		{BAF9E24D-B8C9-48E9-BEBB-0C341A0B8856} = {BAF9E24D-B8C9-48E9-BEBB-0C341A0B8856}
		{9A0D12A9-3CA0-4295-8536-3DC8CC51D2AB} = {9A0D12A9-3CA0-4295-8536-3DC8CC51D2AB}
	EndProjectSection
EndProject
Project("{FAE04EC0-301F-11D3-BF4B-00C04F79EFBC}") = "stock.cdchuandong.com", "stock.cdchuandong.com\stock.cdchuandong.com.csproj", "{06DEA56D-D7FB-4699-B687-1A2DA5D2CE48}"
EndProject
Project("{2150E333-8FDC-42A3-9474-1A3956D46DE8}") = "RemotingServer", "RemotingServer", "{6F9AC8D9-C1DF-4F9A-8326-584C856E8CBE}"
EndProject
Project("{2150E333-8FDC-42A3-9474-1A3956D46DE8}") = "WEB", "WEB", "{89E399F1-4E7E-4345-9539-1C5CC206B42F}"
EndProject
Project("{FAE04EC0-301F-11D3-BF4B-00C04F79EFBC}") = "CD.ChuanDong.Stock.RemotingServer.Model", "CD.ChuanDong.Stock.RemotingServer.Model\CD.ChuanDong.Stock.RemotingServer.Model.csproj", "{64273828-F894-48F2-B982-CE4F6BDAE81C}"
EndProject
Global
	GlobalSection(SolutionConfigurationPlatforms) = preSolution
		Debug|Any CPU = Debug|Any CPU
		Release|Any CPU = Release|Any CPU
	EndGlobalSection
	GlobalSection(ProjectConfigurationPlatforms) = postSolution
		{9611599A-550C-4373-A841-A082D820E2AD}.Debug|Any CPU.ActiveCfg = Debug|Any CPU
		{9611599A-550C-4373-A841-A082D820E2AD}.Debug|Any CPU.Build.0 = Debug|Any CPU
		{9611599A-550C-4373-A841-A082D820E2AD}.Release|Any CPU.ActiveCfg = Release|Any CPU
		{9611599A-550C-4373-A841-A082D820E2AD}.Release|Any CPU.Build.0 = Release|Any CPU
		{BAF9E24D-B8C9-48E9-BEBB-0C341A0B8856}.Debug|Any CPU.ActiveCfg = Debug|Any CPU
		{BAF9E24D-B8C9-48E9-BEBB-0C341A0B8856}.Debug|Any CPU.Build.0 = Debug|Any CPU
		{BAF9E24D-B8C9-48E9-BEBB-0C341A0B8856}.Release|Any CPU.ActiveCfg = Release|Any CPU
		{BAF9E24D-B8C9-48E9-BEBB-0C341A0B8856}.Release|Any CPU.Build.0 = Release|Any CPU
		{9A0D12A9-3CA0-4295-8536-3DC8CC51D2AB}.Debug|Any CPU.ActiveCfg = Debug|Any CPU
		{9A0D12A9-3CA0-4295-8536-3DC8CC51D2AB}.Debug|Any CPU.Build.0 = Debug|Any CPU
		{9A0D12A9-3CA0-4295-8536-3DC8CC51D2AB}.Release|Any CPU.ActiveCfg = Release|Any CPU
		{9A0D12A9-3CA0-4295-8536-3DC8CC51D2AB}.Release|Any CPU.Build.0 = Release|Any CPU
		{48E37117-6C31-47F2-AE52-BE62A421FA9C}.Debug|Any CPU.ActiveCfg = Debug|Any CPU
		{48E37117-6C31-47F2-AE52-BE62A421FA9C}.Debug|Any CPU.Build.0 = Debug|Any CPU
		{48E37117-6C31-47F2-AE52-BE62A421FA9C}.Release|Any CPU.ActiveCfg = Release|Any CPU
		{48E37117-6C31-47F2-AE52-BE62A421FA9C}.Release|Any CPU.Build.0 = Release|Any CPU
		{ADC02020-3A66-4F4D-90E4-1B7F133CEAE5}.Debug|Any CPU.ActiveCfg = Debug|Any CPU
		{ADC02020-3A66-4F4D-90E4-1B7F133CEAE5}.Debug|Any CPU.Build.0 = Debug|Any CPU
		{ADC02020-3A66-4F4D-90E4-1B7F133CEAE5}.Release|Any CPU.ActiveCfg = Release|Any CPU
		{ADC02020-3A66-4F4D-90E4-1B7F133CEAE5}.Release|Any CPU.Build.0 = Release|Any CPU
		{06DEA56D-D7FB-4699-B687-1A2DA5D2CE48}.Debug|Any CPU.ActiveCfg = Debug|Any CPU
		{06DEA56D-D7FB-4699-B687-1A2DA5D2CE48}.Debug|Any CPU.Build.0 = Debug|Any CPU
		{06DEA56D-D7FB-4699-B687-1A2DA5D2CE48}.Release|Any CPU.ActiveCfg = Release|Any CPU
		{06DEA56D-D7FB-4699-B687-1A2DA5D2CE48}.Release|Any CPU.Build.0 = Release|Any CPU
		{64273828-F894-48F2-B982-CE4F6BDAE81C}.Debug|Any CPU.ActiveCfg = Debug|Any CPU
		{64273828-F894-48F2-B982-CE4F6BDAE81C}.Debug|Any CPU.Build.0 = Debug|Any CPU
		{64273828-F894-48F2-B982-CE4F6BDAE81C}.Release|Any CPU.ActiveCfg = Release|Any CPU
		{64273828-F894-48F2-B982-CE4F6BDAE81C}.Release|Any CPU.Build.0 = Release|Any CPU
	EndGlobalSection
	GlobalSection(SolutionProperties) = preSolution
		HideSolutionNode = FALSE
	EndGlobalSection
	GlobalSection(NestedProjects) = preSolution
		{BAF9E24D-B8C9-48E9-BEBB-0C341A0B8856} = {6F9AC8D9-C1DF-4F9A-8326-584C856E8CBE}
		{9A0D12A9-3CA0-4295-8536-3DC8CC51D2AB} = {6F9AC8D9-C1DF-4F9A-8326-584C856E8CBE}
		{48E37117-6C31-47F2-AE52-BE62A421FA9C} = {6F9AC8D9-C1DF-4F9A-8326-584C856E8CBE}
		{9611599A-550C-4373-A841-A082D820E2AD} = {6F9AC8D9-C1DF-4F9A-8326-584C856E8CBE}
		{64273828-F894-48F2-B982-CE4F6BDAE81C} = {6F9AC8D9-C1DF-4F9A-8326-584C856E8CBE}
		{06DEA56D-D7FB-4699-B687-1A2DA5D2CE48} = {89E399F1-4E7E-4345-9539-1C5CC206B42F}
		{ADC02020-3A66-4F4D-90E4-1B7F133CEAE5} = {89E399F1-4E7E-4345-9539-1C5CC206B42F}
	EndGlobalSection
EndGlobal
